
Microsoft Visual Studio Solution File, Format Version 12.00
# Visual Studio Version 16
VisualStudioVersion = 16.0.29709.97
MinimumVisualStudioVersion = 10.0.40219.1
Project("{FAE04EC0-301F-11D3-BF4B-00C04F79EFBC}") = "QueensPermutation", "QueensPermutation\QueensPermutation.csproj", "{F06C4268-DB27-4953-8A00-2B91607A62E3}"
EndProject
Global
	GlobalSection(SolutionConfigurationPlatforms) = preSolution
		Debug|Any CPU = Debug|Any CPU
		Release|Any CPU = Release|Any CPU
	EndGlobalSection
	GlobalSection(ProjectConfigurationPlatforms) = postSolution
		{F06C4268-DB27-4953-8A00-2B91607A62E3}.Debug|Any CPU.ActiveCfg = Debug|Any CPU
		{F06C4268-DB27-4953-8A00-2B91607A62E3}.Debug|Any CPU.Build.0 = Debug|Any CPU
		{F06C4268-DB27-4953-8A00-2B91607A62E3}.Release|Any CPU.ActiveCfg = Release|Any CPU
		{F06C4268-DB27-4953-8A00-2B91607A62E3}.Release|Any CPU.Build.0 = Release|Any CPU
	EndGlobalSection
	GlobalSection(SolutionProperties) = preSolution
		HideSolutionNode = FALSE
	EndGlobalSection
	GlobalSection(ExtensibilityGlobals) = postSolution
		SolutionGuid = {7DA9F2DC-617D-4613-9628-AB839EF49362}
	EndGlobalSection
EndGlobal
