
Microsoft Visual Studio Solution File, Format Version 12.00
# Visual Studio Version 16
VisualStudioVersion = 16.0.30128.74
MinimumVisualStudioVersion = 10.0.40219.1
Project("{FAE04EC0-301F-11D3-BF4B-00C04F79EFBC}") = "Nim", "Nim\Nim.csproj", "{B3659F7F-2A5D-4919-84D1-CADAA4AD3B60}"
EndProject
Global
	GlobalSection(SolutionConfigurationPlatforms) = preSolution
		Debug|Any CPU = Debug|Any CPU
		Release|Any CPU = Release|Any CPU
	EndGlobalSection
	GlobalSection(ProjectConfigurationPlatforms) = postSolution
		{B3659F7F-2A5D-4919-84D1-CADAA4AD3B60}.Debug|Any CPU.ActiveCfg = Debug|Any CPU
		{B3659F7F-2A5D-4919-84D1-CADAA4AD3B60}.Debug|Any CPU.Build.0 = Debug|Any CPU
		{B3659F7F-2A5D-4919-84D1-CADAA4AD3B60}.Release|Any CPU.ActiveCfg = Release|Any CPU
		{B3659F7F-2A5D-4919-84D1-CADAA4AD3B60}.Release|Any CPU.Build.0 = Release|Any CPU
	EndGlobalSection
	GlobalSection(SolutionProperties) = preSolution
		HideSolutionNode = FALSE
	EndGlobalSection
	GlobalSection(ExtensibilityGlobals) = postSolution
		SolutionGuid = {78C9D634-6DB9-40B3-884C-6EC509D172DA}
	EndGlobalSection
EndGlobal
