
Microsoft Visual Studio Solution File, Format Version 12.00
# Visual Studio Version 16
VisualStudioVersion = 16.0.29709.97
MinimumVisualStudioVersion = 10.0.40219.1
Project("{FAE04EC0-301F-11D3-BF4B-00C04F79EFBC}") = "MillionaireCity", "MillionaireCity\MillionaireCity.csproj", "{BF4EC1EC-A85B-414F-A34B-69D2971EF24D}"
EndProject
Global
	GlobalSection(SolutionConfigurationPlatforms) = preSolution
		Debug|Any CPU = Debug|Any CPU
		Release|Any CPU = Release|Any CPU
	EndGlobalSection
	GlobalSection(ProjectConfigurationPlatforms) = postSolution
		{BF4EC1EC-A85B-414F-A34B-69D2971EF24D}.Debug|Any CPU.ActiveCfg = Debug|Any CPU
		{BF4EC1EC-A85B-414F-A34B-69D2971EF24D}.Debug|Any CPU.Build.0 = Debug|Any CPU
		{BF4EC1EC-A85B-414F-A34B-69D2971EF24D}.Release|Any CPU.ActiveCfg = Release|Any CPU
		{BF4EC1EC-A85B-414F-A34B-69D2971EF24D}.Release|Any CPU.Build.0 = Release|Any CPU
	EndGlobalSection
	GlobalSection(SolutionProperties) = preSolution
		HideSolutionNode = FALSE
	EndGlobalSection
	GlobalSection(ExtensibilityGlobals) = postSolution
		SolutionGuid = {CD5EEC4D-972C-43B9-904F-9C1754AEBCCE}
	EndGlobalSection
EndGlobal
