
Microsoft Visual Studio Solution File, Format Version 12.00
# Visual Studio Version 16
VisualStudioVersion = 16.0.30128.74
MinimumVisualStudioVersion = 10.0.40219.1
Project("{FAE04EC0-301F-11D3-BF4B-00C04F79EFBC}") = "Exam", "Exam\Exam.csproj", "{ED112E81-BC49-4BD8-9440-5602C76A9C7B}"
EndProject
Global
	GlobalSection(SolutionConfigurationPlatforms) = preSolution
		Debug|Any CPU = Debug|Any CPU
		Release|Any CPU = Release|Any CPU
	EndGlobalSection
	GlobalSection(ProjectConfigurationPlatforms) = postSolution
		{ED112E81-BC49-4BD8-9440-5602C76A9C7B}.Debug|Any CPU.ActiveCfg = Debug|Any CPU
		{ED112E81-BC49-4BD8-9440-5602C76A9C7B}.Debug|Any CPU.Build.0 = Debug|Any CPU
		{ED112E81-BC49-4BD8-9440-5602C76A9C7B}.Release|Any CPU.ActiveCfg = Release|Any CPU
		{ED112E81-BC49-4BD8-9440-5602C76A9C7B}.Release|Any CPU.Build.0 = Release|Any CPU
	EndGlobalSection
	GlobalSection(SolutionProperties) = preSolution
		HideSolutionNode = FALSE
	EndGlobalSection
	GlobalSection(ExtensibilityGlobals) = postSolution
		SolutionGuid = {1C1C2DA4-6F99-40AD-9BDD-040A17ED7A17}
	EndGlobalSection
EndGlobal
