
Microsoft Visual Studio Solution File, Format Version 12.00
# Visual Studio Version 16
VisualStudioVersion = 16.0.29709.97
MinimumVisualStudioVersion = 10.0.40219.1
Project("{FAE04EC0-301F-11D3-BF4B-00C04F79EFBC}") = "TasksOrder(Graphs)", "TasksOrder(Graphs)\TasksOrder(Graphs).csproj", "{004C1331-C2FC-460E-8BB3-938693F8BFA3}"
EndProject
Global
	GlobalSection(SolutionConfigurationPlatforms) = preSolution
		Debug|Any CPU = Debug|Any CPU
		Release|Any CPU = Release|Any CPU
	EndGlobalSection
	GlobalSection(ProjectConfigurationPlatforms) = postSolution
		{004C1331-C2FC-460E-8BB3-938693F8BFA3}.Debug|Any CPU.ActiveCfg = Debug|Any CPU
		{004C1331-C2FC-460E-8BB3-938693F8BFA3}.Debug|Any CPU.Build.0 = Debug|Any CPU
		{004C1331-C2FC-460E-8BB3-938693F8BFA3}.Release|Any CPU.ActiveCfg = Release|Any CPU
		{004C1331-C2FC-460E-8BB3-938693F8BFA3}.Release|Any CPU.Build.0 = Release|Any CPU
	EndGlobalSection
	GlobalSection(SolutionProperties) = preSolution
		HideSolutionNode = FALSE
	EndGlobalSection
	GlobalSection(ExtensibilityGlobals) = postSolution
		SolutionGuid = {BD84ACF4-0293-4B9D-91DE-3A490EA37D1F}
	EndGlobalSection
EndGlobal
